
Microsoft Visual Studio Solution File, Format Version 11.00
# Visual Studio 2010
Project("{FAE04EC0-301F-11D3-BF4B-00C04F79EFBC}") = "CommandSample", "CommandSample\CommandSample.csproj", "{FC908691-5998-408E-8382-754F4DB6CE0C}"
EndProject
Global
	GlobalSection(SolutionConfigurationPlatforms) = preSolution
		Debug|x86 = Debug|x86
		Release|x86 = Release|x86
	EndGlobalSection
	GlobalSection(ProjectConfigurationPlatforms) = postSolution
		{FC908691-5998-408E-8382-754F4DB6CE0C}.Debug|x86.ActiveCfg = Debug|x86
		{FC908691-5998-408E-8382-754F4DB6CE0C}.Debug|x86.Build.0 = Debug|x86
		{FC908691-5998-408E-8382-754F4DB6CE0C}.Release|x86.ActiveCfg = Release|x86
		{FC908691-5998-408E-8382-754F4DB6CE0C}.Release|x86.Build.0 = Release|x86
	EndGlobalSection
	GlobalSection(SolutionProperties) = preSolution
		HideSolutionNode = FALSE
	EndGlobalSection
EndGlobal
